
Microsoft Visual Studio Solution File, Format Version 12.00
# Visual Studio Version 16
VisualStudioVersion = 16.0.31624.102
MinimumVisualStudioVersion = 10.0.40219.1
Project("{FAE04EC0-301F-11D3-BF4B-00C04F79EFBC}") = "MiniProject_02_EF_AssetTracking", "MiniProject_02_EF_AssetTracking.csproj", "{9AFDE054-138C-4378-B865-9857DD5DCAD8}"
EndProject
Global
	GlobalSection(SolutionConfigurationPlatforms) = preSolution
		Debug|Any CPU = Debug|Any CPU
		Release|Any CPU = Release|Any CPU
	EndGlobalSection
	GlobalSection(ProjectConfigurationPlatforms) = postSolution
		{9AFDE054-138C-4378-B865-9857DD5DCAD8}.Debug|Any CPU.ActiveCfg = Debug|Any CPU
		{9AFDE054-138C-4378-B865-9857DD5DCAD8}.Debug|Any CPU.Build.0 = Debug|Any CPU
		{9AFDE054-138C-4378-B865-9857DD5DCAD8}.Release|Any CPU.ActiveCfg = Release|Any CPU
		{9AFDE054-138C-4378-B865-9857DD5DCAD8}.Release|Any CPU.Build.0 = Release|Any CPU
	EndGlobalSection
	GlobalSection(SolutionProperties) = preSolution
		HideSolutionNode = FALSE
	EndGlobalSection
	GlobalSection(ExtensibilityGlobals) = postSolution
		SolutionGuid = {CBA122A5-E0E9-4999-8FF3-7740C6F6F03D}
	EndGlobalSection
EndGlobal
